
Microsoft Visual Studio Solution File, Format Version 12.00
# Visual Studio Version 16
VisualStudioVersion = 16.0.30717.126
MinimumVisualStudioVersion = 10.0.40219.1
Project("{E24C65DC-7377-472B-9ABA-BC803B73C61A}") = "OOPG Miniproject", "D:\School\OOPG\Labs\OOPG Miniproject\", "{6365B4C3-B795-4DA4-B1C3-D5E9800F0E35}"
	ProjectSection(WebsiteProperties) = preProject
		TargetFrameworkMoniker = ".NETFramework,Version%3Dv4.0"
		Debug.AspNetCompiler.VirtualPath = "/localhost_62891"
		Debug.AspNetCompiler.PhysicalPath = "D:\School\OOPG\Labs\OOPG Miniproject\"
		Debug.AspNetCompiler.TargetPath = "PrecompiledWeb\localhost_62891\"
		Debug.AspNetCompiler.Updateable = "true"
		Debug.AspNetCompiler.ForceOverwrite = "true"
		Debug.AspNetCompiler.FixedNames = "false"
		Debug.AspNetCompiler.Debug = "True"
		Release.AspNetCompiler.VirtualPath = "/localhost_62891"
		Release.AspNetCompiler.PhysicalPath = "D:\School\OOPG\Labs\OOPG Miniproject\"
		Release.AspNetCompiler.TargetPath = "PrecompiledWeb\localhost_62891\"
		Release.AspNetCompiler.Updateable = "true"
		Release.AspNetCompiler.ForceOverwrite = "true"
		Release.AspNetCompiler.FixedNames = "false"
		Release.AspNetCompiler.Debug = "False"
		VWDPort = "62891"
	EndProjectSection
EndProject
Global
	GlobalSection(SolutionConfigurationPlatforms) = preSolution
		Debug|Any CPU = Debug|Any CPU
	EndGlobalSection
	GlobalSection(ProjectConfigurationPlatforms) = postSolution
		{6365B4C3-B795-4DA4-B1C3-D5E9800F0E35}.Debug|Any CPU.ActiveCfg = Debug|Any CPU
		{6365B4C3-B795-4DA4-B1C3-D5E9800F0E35}.Debug|Any CPU.Build.0 = Debug|Any CPU
	EndGlobalSection
	GlobalSection(SolutionProperties) = preSolution
		HideSolutionNode = FALSE
	EndGlobalSection
	GlobalSection(ExtensibilityGlobals) = postSolution
		SolutionGuid = {75DD04BE-2A34-4AE3-B5CE-A724DFED85C6}
	EndGlobalSection
EndGlobal
